
Microsoft Visual Studio Solution File, Format Version 12.00
# Visual Studio 14
VisualStudioVersion = 14.0.23107.0
MinimumVisualStudioVersion = 10.0.40219.1
Project("{2150E333-8FDC-42A3-9474-1A3956D46DE8}") = "src", "src", "{B6CF6A49-42A9-4D6C-986D-AD0A326F2B07}"
EndProject
Project("{2150E333-8FDC-42A3-9474-1A3956D46DE8}") = "test", "test", "{4077317B-1658-4381-95DD-51EC562B9A38}"
EndProject
Project("{FAE04EC0-301F-11D3-BF4B-00C04F79EFBC}") = "Microsoft.DotNet.Build.Tasks.Packaging", "src\Microsoft.DotNet.Build.Tasks.Packaging.csproj", "{C2CB2F39-91FB-4050-9DD2-6E5DD6460ED8}"
EndProject
Project("{FAE04EC0-301F-11D3-BF4B-00C04F79EFBC}") = "Microsoft.DotNet.Build.Tasks.Packaging.Tests", "test\Microsoft.DotNet.Build.Tasks.Packaging.Tests.csproj", "{2B0AF548-9ACA-4CD5-9A2F-3A678BFBFB64}"
EndProject
Project("{FAE04EC0-301F-11D3-BF4B-00C04F79EFBC}") = "Microsoft.DotNet.Build.Tasks.Packaging.Desktop", "src.Desktop\Microsoft.DotNet.Build.Tasks.Packaging.Desktop.csproj", "{440527ED-C69A-4EC6-8E63-AB1624BD7D8B}"
EndProject
Project("{FAE04EC0-301F-11D3-BF4B-00C04F79EFBC}") = "Microsoft.DotNet.Build.Tasks.Packaging.Tests.Desktop", "test.Desktop\Microsoft.DotNet.Build.Tasks.Packaging.Tests.Desktop.csproj", "{31DF5A4A-AA0D-443E-9BE5-08B27710B8AD}"
EndProject
Global
	GlobalSection(SolutionConfigurationPlatforms) = preSolution
		Debug|Any CPU = Debug|Any CPU
		Release|Any CPU = Release|Any CPU
	EndGlobalSection
	GlobalSection(ProjectConfigurationPlatforms) = postSolution
		{C2CB2F39-91FB-4050-9DD2-6E5DD6460ED8}.Debug|Any CPU.ActiveCfg = Debug|Any CPU
		{C2CB2F39-91FB-4050-9DD2-6E5DD6460ED8}.Debug|Any CPU.Build.0 = Debug|Any CPU
		{C2CB2F39-91FB-4050-9DD2-6E5DD6460ED8}.Release|Any CPU.ActiveCfg = Release|Any CPU
		{C2CB2F39-91FB-4050-9DD2-6E5DD6460ED8}.Release|Any CPU.Build.0 = Release|Any CPU
		{2B0AF548-9ACA-4CD5-9A2F-3A678BFBFB64}.Debug|Any CPU.ActiveCfg = Debug|Any CPU
		{2B0AF548-9ACA-4CD5-9A2F-3A678BFBFB64}.Debug|Any CPU.Build.0 = Debug|Any CPU
		{2B0AF548-9ACA-4CD5-9A2F-3A678BFBFB64}.Release|Any CPU.ActiveCfg = Debug|Any CPU
		{2B0AF548-9ACA-4CD5-9A2F-3A678BFBFB64}.Release|Any CPU.Build.0 = Debug|Any CPU
		{440527ED-C69A-4EC6-8E63-AB1624BD7D8B}.Debug|Any CPU.ActiveCfg = Debug|Any CPU
		{440527ED-C69A-4EC6-8E63-AB1624BD7D8B}.Debug|Any CPU.Build.0 = Debug|Any CPU
		{440527ED-C69A-4EC6-8E63-AB1624BD7D8B}.Release|Any CPU.ActiveCfg = Release|Any CPU
		{440527ED-C69A-4EC6-8E63-AB1624BD7D8B}.Release|Any CPU.Build.0 = Release|Any CPU
		{31DF5A4A-AA0D-443E-9BE5-08B27710B8AD}.Debug|Any CPU.ActiveCfg = Debug|Any CPU
		{31DF5A4A-AA0D-443E-9BE5-08B27710B8AD}.Debug|Any CPU.Build.0 = Debug|Any CPU
		{31DF5A4A-AA0D-443E-9BE5-08B27710B8AD}.Release|Any CPU.ActiveCfg = Debug|Any CPU
		{31DF5A4A-AA0D-443E-9BE5-08B27710B8AD}.Release|Any CPU.Build.0 = Debug|Any CPU
	EndGlobalSection
	GlobalSection(SolutionProperties) = preSolution
		HideSolutionNode = FALSE
	EndGlobalSection
	GlobalSection(NestedProjects) = preSolution
		{C2CB2F39-91FB-4050-9DD2-6E5DD6460ED8} = {B6CF6A49-42A9-4D6C-986D-AD0A326F2B07}
		{2B0AF548-9ACA-4CD5-9A2F-3A678BFBFB64} = {4077317B-1658-4381-95DD-51EC562B9A38}
		{440527ED-C69A-4EC6-8E63-AB1624BD7D8B} = {B6CF6A49-42A9-4D6C-986D-AD0A326F2B07}
		{31DF5A4A-AA0D-443E-9BE5-08B27710B8AD} = {4077317B-1658-4381-95DD-51EC562B9A38}
	EndGlobalSection
EndGlobal
