
Microsoft Visual Studio Solution File, Format Version 12.00
# Visual Studio 15
VisualStudioVersion = 15.0.27013.2
MinimumVisualStudioVersion = 10.0.40219.1
Project("{FAE04EC0-301F-11D3-BF4B-00C04F79EFBC}") = "Microsoft.DotNet.Build.Tasks.Feed.net45", "Microsoft.DotNet.Build.Tasks.Feed.net45.csproj", "{6623492E-9EAD-40F0-B8F4-AF0AFBF98890}"
EndProject
Global
	GlobalSection(SolutionConfigurationPlatforms) = preSolution
		Debug|Any CPU = Debug|Any CPU
		Release|Any CPU = Release|Any CPU
	EndGlobalSection
	GlobalSection(ProjectConfigurationPlatforms) = postSolution
		{6623492E-9EAD-40F0-B8F4-AF0AFBF98890}.Debug|Any CPU.ActiveCfg = Debug|Any CPU
		{6623492E-9EAD-40F0-B8F4-AF0AFBF98890}.Debug|Any CPU.Build.0 = Debug|Any CPU
		{6623492E-9EAD-40F0-B8F4-AF0AFBF98890}.Release|Any CPU.ActiveCfg = Release|Any CPU
		{6623492E-9EAD-40F0-B8F4-AF0AFBF98890}.Release|Any CPU.Build.0 = Release|Any CPU
	EndGlobalSection
	GlobalSection(SolutionProperties) = preSolution
		HideSolutionNode = FALSE
	EndGlobalSection
	GlobalSection(ExtensibilityGlobals) = postSolution
		SolutionGuid = {D1176BD9-ED02-4583-A2DA-FDC470DE93E4}
	EndGlobalSection
EndGlobal
