Microsoft Visual Studio Solution File, Format Version 12.00
# Visual Studio 14
VisualStudioVersion = 14.0.22609.0
MinimumVisualStudioVersion = 10.0.40219.1
Project("{FAE04EC0-301F-11D3-BF4B-00C04F79EFBC}") = "Microsoft.DotNet.Build.Tasks", "Microsoft.DotNet.Build.Tasks\Microsoft.DotNet.Build.Tasks.csproj", "{17C66BCE-EB35-44CA-893C-8AAFB67708E9}"
EndProject
Project("{FAE04EC0-301F-11D3-BF4B-00C04F79EFBC}") = "xunit.console.netcore", "xunit.console.netcore\xunit.console.netcore.csproj", "{83FC1994-BCE0-427A-803B-02F20233A2D1}"
EndProject
Project("{2150E333-8FDC-42A3-9474-1A3956D46DE8}") = ".nuget", ".nuget", "{8B5A7D0F-2BD5-4892-9662-8FDC3589D938}"
	ProjectSection(SolutionItems) = preProject
		.nuget\packages.config = .nuget\packages.config
	EndProjectSection
EndProject
Project("{2150E333-8FDC-42A3-9474-1A3956D46DE8}") = "nuget", "nuget", "{097CEB51-8AD7-454B-A027-475C58C16A1A}"
	ProjectSection(SolutionItems) = preProject
		nuget\Microsoft.DotNet.BuildTools.nuspec = nuget\Microsoft.DotNet.BuildTools.nuspec
		nuget\Microsoft.DotNet.PerfTools.nuspec = nuget\Microsoft.DotNet.PerfTools.nuspec
		nuget\xunit.console.netcore.nuspec = nuget\xunit.console.netcore.nuspec
		nuget\xunit.netcore.extensions.nuspec = nuget\xunit.netcore.extensions.nuspec
	EndProjectSection
EndProject
Project("{2150E333-8FDC-42A3-9474-1A3956D46DE8}") = "scripts", "scripts", "{DEEA626C-BB80-40E0-B896-7CE24F285232}"
	ProjectSection(SolutionItems) = preProject
		Scripts\set-package-build.cmd = Scripts\set-package-build.cmd
	EndProjectSection
EndProject
Project("{FAE04EC0-301F-11D3-BF4B-00C04F79EFBC}") = "PerfEventsData", "PerfEventsData\PerfEventsData.csproj", "{4214C1AE-1605-445C-A737-3FDA8528DABA}"
EndProject
Project("{FAE04EC0-301F-11D3-BF4B-00C04F79EFBC}") = "ComparePerfEventsData", "ComparePerfEventsData\ComparePerfEventsData.csproj", "{580DB26D-AEB5-48AE-9FC2-467FF8B91D86}"
EndProject
Project("{FAE04EC0-301F-11D3-BF4B-00C04F79EFBC}") = "GenPerfBaseline", "GenPerfBaseline\GenPerfBaseline.csproj", "{A5960E6C-6D41-47B2-B7DA-F662C12110A9}"
EndProject
Project("{FAE04EC0-301F-11D3-BF4B-00C04F79EFBC}") = "xunit.netcore.extensions", "xunit.netcore.extensions\xunit.netcore.extensions.csproj", "{BE8ED8C1-C314-4C4E-A929-64C9C8B3552A}"
EndProject
Global
	GlobalSection(SolutionConfigurationPlatforms) = preSolution
		Debug|Any CPU = Debug|Any CPU
		Debug|ARM = Debug|ARM
		Debug|x86 = Debug|x86
		Release|Any CPU = Release|Any CPU
		Release|ARM = Release|ARM
		Release|x86 = Release|x86
	EndGlobalSection
	GlobalSection(ProjectConfigurationPlatforms) = postSolution
		{17C66BCE-EB35-44CA-893C-8AAFB67708E9}.Debug|Any CPU.ActiveCfg = Debug|Any CPU
		{17C66BCE-EB35-44CA-893C-8AAFB67708E9}.Debug|Any CPU.Build.0 = Debug|Any CPU
		{17C66BCE-EB35-44CA-893C-8AAFB67708E9}.Debug|ARM.ActiveCfg = Debug|Any CPU
		{17C66BCE-EB35-44CA-893C-8AAFB67708E9}.Debug|x86.ActiveCfg = Debug|Any CPU
		{17C66BCE-EB35-44CA-893C-8AAFB67708E9}.Release|Any CPU.ActiveCfg = Release|Any CPU
		{17C66BCE-EB35-44CA-893C-8AAFB67708E9}.Release|Any CPU.Build.0 = Release|Any CPU
		{17C66BCE-EB35-44CA-893C-8AAFB67708E9}.Release|ARM.ActiveCfg = Release|Any CPU
		{17C66BCE-EB35-44CA-893C-8AAFB67708E9}.Release|x86.ActiveCfg = Release|Any CPU
		{83FC1994-BCE0-427A-803B-02F20233A2D1}.Debug|Any CPU.ActiveCfg = Debug|Any CPU
		{83FC1994-BCE0-427A-803B-02F20233A2D1}.Debug|Any CPU.Build.0 = Debug|Any CPU
		{83FC1994-BCE0-427A-803B-02F20233A2D1}.Debug|ARM.ActiveCfg = Debug|Any CPU
		{83FC1994-BCE0-427A-803B-02F20233A2D1}.Debug|x86.ActiveCfg = Debug|Any CPU
		{83FC1994-BCE0-427A-803B-02F20233A2D1}.Release|Any CPU.ActiveCfg = Release|Any CPU
		{83FC1994-BCE0-427A-803B-02F20233A2D1}.Release|Any CPU.Build.0 = Release|Any CPU
		{83FC1994-BCE0-427A-803B-02F20233A2D1}.Release|ARM.ActiveCfg = Release|Any CPU
		{83FC1994-BCE0-427A-803B-02F20233A2D1}.Release|x86.ActiveCfg = Release|Any CPU
		{4214C1AE-1605-445C-A737-3FDA8528DABA}.Debug|Any CPU.ActiveCfg = Debug|Any CPU
		{4214C1AE-1605-445C-A737-3FDA8528DABA}.Debug|Any CPU.Build.0 = Debug|Any CPU
		{4214C1AE-1605-445C-A737-3FDA8528DABA}.Debug|ARM.ActiveCfg = Debug|Any CPU
		{4214C1AE-1605-445C-A737-3FDA8528DABA}.Debug|ARM.Build.0 = Debug|Any CPU
		{4214C1AE-1605-445C-A737-3FDA8528DABA}.Debug|x86.ActiveCfg = Debug|Any CPU
		{4214C1AE-1605-445C-A737-3FDA8528DABA}.Debug|x86.Build.0 = Debug|Any CPU
		{4214C1AE-1605-445C-A737-3FDA8528DABA}.Release|Any CPU.ActiveCfg = Release|Any CPU
		{4214C1AE-1605-445C-A737-3FDA8528DABA}.Release|Any CPU.Build.0 = Release|Any CPU
		{4214C1AE-1605-445C-A737-3FDA8528DABA}.Release|ARM.ActiveCfg = Release|Any CPU
		{4214C1AE-1605-445C-A737-3FDA8528DABA}.Release|ARM.Build.0 = Release|Any CPU
		{4214C1AE-1605-445C-A737-3FDA8528DABA}.Release|x86.ActiveCfg = Release|Any CPU
		{4214C1AE-1605-445C-A737-3FDA8528DABA}.Release|x86.Build.0 = Release|Any CPU
		{580DB26D-AEB5-48AE-9FC2-467FF8B91D86}.Debug|Any CPU.ActiveCfg = Debug|Any CPU
		{580DB26D-AEB5-48AE-9FC2-467FF8B91D86}.Debug|Any CPU.Build.0 = Debug|Any CPU
		{580DB26D-AEB5-48AE-9FC2-467FF8B91D86}.Debug|ARM.ActiveCfg = Debug|Any CPU
		{580DB26D-AEB5-48AE-9FC2-467FF8B91D86}.Debug|x86.ActiveCfg = Debug|Any CPU
		{580DB26D-AEB5-48AE-9FC2-467FF8B91D86}.Release|Any CPU.ActiveCfg = Release|Any CPU
		{580DB26D-AEB5-48AE-9FC2-467FF8B91D86}.Release|Any CPU.Build.0 = Release|Any CPU
		{580DB26D-AEB5-48AE-9FC2-467FF8B91D86}.Release|ARM.ActiveCfg = Release|Any CPU
		{580DB26D-AEB5-48AE-9FC2-467FF8B91D86}.Release|x86.ActiveCfg = Release|Any CPU
		{A5960E6C-6D41-47B2-B7DA-F662C12110A9}.Debug|Any CPU.ActiveCfg = Debug|Any CPU
		{A5960E6C-6D41-47B2-B7DA-F662C12110A9}.Debug|Any CPU.Build.0 = Debug|Any CPU
		{A5960E6C-6D41-47B2-B7DA-F662C12110A9}.Debug|ARM.ActiveCfg = Debug|Any CPU
		{A5960E6C-6D41-47B2-B7DA-F662C12110A9}.Debug|x86.ActiveCfg = Debug|Any CPU
		{A5960E6C-6D41-47B2-B7DA-F662C12110A9}.Release|Any CPU.ActiveCfg = Release|Any CPU
		{A5960E6C-6D41-47B2-B7DA-F662C12110A9}.Release|Any CPU.Build.0 = Release|Any CPU
		{A5960E6C-6D41-47B2-B7DA-F662C12110A9}.Release|ARM.ActiveCfg = Release|Any CPU
		{A5960E6C-6D41-47B2-B7DA-F662C12110A9}.Release|x86.ActiveCfg = Release|Any CPU
		{BE8ED8C1-C314-4C4E-A929-64C9C8B3552A}.Debug|Any CPU.ActiveCfg = Debug|Any CPU
		{BE8ED8C1-C314-4C4E-A929-64C9C8B3552A}.Debug|Any CPU.Build.0 = Debug|Any CPU
		{BE8ED8C1-C314-4C4E-A929-64C9C8B3552A}.Debug|ARM.ActiveCfg = Debug|Any CPU
		{BE8ED8C1-C314-4C4E-A929-64C9C8B3552A}.Debug|ARM.Build.0 = Debug|Any CPU
		{BE8ED8C1-C314-4C4E-A929-64C9C8B3552A}.Debug|x86.ActiveCfg = Debug|Any CPU
		{BE8ED8C1-C314-4C4E-A929-64C9C8B3552A}.Debug|x86.Build.0 = Debug|Any CPU
		{BE8ED8C1-C314-4C4E-A929-64C9C8B3552A}.Release|Any CPU.ActiveCfg = Release|Any CPU
		{BE8ED8C1-C314-4C4E-A929-64C9C8B3552A}.Release|Any CPU.Build.0 = Release|Any CPU
		{BE8ED8C1-C314-4C4E-A929-64C9C8B3552A}.Release|ARM.ActiveCfg = Release|Any CPU
		{BE8ED8C1-C314-4C4E-A929-64C9C8B3552A}.Release|ARM.Build.0 = Release|Any CPU
		{BE8ED8C1-C314-4C4E-A929-64C9C8B3552A}.Release|x86.ActiveCfg = Release|Any CPU
		{BE8ED8C1-C314-4C4E-A929-64C9C8B3552A}.Release|x86.Build.0 = Release|Any CPU
	EndGlobalSection
	GlobalSection(SolutionProperties) = preSolution
		HideSolutionNode = FALSE
	EndGlobalSection
EndGlobal
