Microsoft Visual Studio Solution File, Format Version 12.00
# Visual Studio 2013
VisualStudioVersion = 12.0.30723.0
MinimumVisualStudioVersion = 10.0.40219.1
Project("{FAE04EC0-301F-11D3-BF4B-00C04F79EFBC}") = "Microsoft.DotNet.Build.Tasks", "Microsoft.DotNet.Build.Tasks\Microsoft.DotNet.Build.Tasks.csproj", "{17C66BCE-EB35-44CA-893C-8AAFB67708E9}"
EndProject
Project("{FAE04EC0-301F-11D3-BF4B-00C04F79EFBC}") = "ResourceGenerator", "ResourceGenerator\ResourceGenerator.csproj", "{D1D796EC-220B-460F-9133-E9E7EEB4B0FE}"
EndProject
Project("{FAE04EC0-301F-11D3-BF4B-00C04F79EFBC}") = "JSon2Txt", "JSon2Txt\JSon2Txt.csproj", "{7BB5B857-6585-4A65-85A6-865286DC2CD7}"
EndProject
Global
	GlobalSection(SolutionConfigurationPlatforms) = preSolution
		Debug|Any CPU = Debug|Any CPU
		Release|Any CPU = Release|Any CPU
	EndGlobalSection
	GlobalSection(ProjectConfigurationPlatforms) = postSolution
		{17C66BCE-EB35-44CA-893C-8AAFB67708E9}.Debug|Any CPU.ActiveCfg = Debug|Any CPU
		{17C66BCE-EB35-44CA-893C-8AAFB67708E9}.Debug|Any CPU.Build.0 = Debug|Any CPU
		{17C66BCE-EB35-44CA-893C-8AAFB67708E9}.Release|Any CPU.ActiveCfg = Release|Any CPU
		{17C66BCE-EB35-44CA-893C-8AAFB67708E9}.Release|Any CPU.Build.0 = Release|Any CPU
		{D1D796EC-220B-460F-9133-E9E7EEB4B0FE}.Debug|Any CPU.ActiveCfg = Debug|Any CPU
		{D1D796EC-220B-460F-9133-E9E7EEB4B0FE}.Debug|Any CPU.Build.0 = Debug|Any CPU
		{D1D796EC-220B-460F-9133-E9E7EEB4B0FE}.Release|Any CPU.ActiveCfg = Release|Any CPU
		{D1D796EC-220B-460F-9133-E9E7EEB4B0FE}.Release|Any CPU.Build.0 = Release|Any CPU
		{7BB5B857-6585-4A65-85A6-865286DC2CD7}.Debug|Any CPU.ActiveCfg = Debug|Any CPU
		{7BB5B857-6585-4A65-85A6-865286DC2CD7}.Debug|Any CPU.Build.0 = Debug|Any CPU
		{7BB5B857-6585-4A65-85A6-865286DC2CD7}.Release|Any CPU.ActiveCfg = Release|Any CPU
		{7BB5B857-6585-4A65-85A6-865286DC2CD7}.Release|Any CPU.Build.0 = Release|Any CPU
	EndGlobalSection
	GlobalSection(SolutionProperties) = preSolution
		HideSolutionNode = FALSE
	EndGlobalSection
EndGlobal
